// !$*UTF8*$!
{
	archiveVersion = 1;
	classes = {
	};
	objectVersion = 50;
	objects = {

/* Begin PBXBuildFile section */
		952C49D82179DC9400DA9951 /* Splitter.swift in Sources */ = {isa = PBXBuildFile; fileRef = 952C49D72179DC9400DA9951 /* Splitter.swift */; };
		952C49DB2179E10300DA9951 /* ChatMessage.swift in Sources */ = {isa = PBXBuildFile; fileRef = 952C49DA2179E10300DA9951 /* ChatMessage.swift */; };
		952C49DE2179E37C00DA9951 /* ChatMessageCell.swift in Sources */ = {isa = PBXBuildFile; fileRef = 952C49DD2179E37C00DA9951 /* ChatMessageCell.swift */; };
		952C49E0217A359700DA9951 /* IChatController.swift in Sources */ = {isa = PBXBuildFile; fileRef = 952C49DF217A359700DA9951 /* IChatController.swift */; };
		952C49E2217A361F00DA9951 /* ChatModule.swift in Sources */ = {isa = PBXBuildFile; fileRef = 952C49E1217A361F00DA9951 /* ChatModule.swift */; };
		952C49E4217A3E0200DA9951 /* UIViewController.swift in Sources */ = {isa = PBXBuildFile; fileRef = 952C49E3217A3E0200DA9951 /* UIViewController.swift */; };
		952C49E6217A409100DA9951 /* IChatPresenter.swift in Sources */ = {isa = PBXBuildFile; fileRef = 952C49E5217A409100DA9951 /* IChatPresenter.swift */; };
		952C49E8217A582700DA9951 /* NSObject.swift in Sources */ = {isa = PBXBuildFile; fileRef = 952C49E7217A582700DA9951 /* NSObject.swift */; };
		95A0CF6F2178F70200ABC76E /* TweeterApp.swift in Sources */ = {isa = PBXBuildFile; fileRef = 95A0CF6E2178F70200ABC76E /* TweeterApp.swift */; };
		95A0CF712178F70200ABC76E /* ChatViewController.swift in Sources */ = {isa = PBXBuildFile; fileRef = 95A0CF702178F70200ABC76E /* ChatViewController.swift */; };
		95A0CF742178F70200ABC76E /* Main.storyboard in Resources */ = {isa = PBXBuildFile; fileRef = 95A0CF722178F70200ABC76E /* Main.storyboard */; };
		95A0CF762178F70500ABC76E /* Assets.xcassets in Resources */ = {isa = PBXBuildFile; fileRef = 95A0CF752178F70500ABC76E /* Assets.xcassets */; };
		95A0CF792178F70500ABC76E /* LaunchScreen.storyboard in Resources */ = {isa = PBXBuildFile; fileRef = 95A0CF772178F70500ABC76E /* LaunchScreen.storyboard */; };
		95A0CF842178F70500ABC76E /* TweeterTests.swift in Sources */ = {isa = PBXBuildFile; fileRef = 95A0CF832178F70500ABC76E /* TweeterTests.swift */; };
		95A0CF952179BEB800ABC76E /* ChatPresenter.swift in Sources */ = {isa = PBXBuildFile; fileRef = 95A0CF942179BEB800ABC76E /* ChatPresenter.swift */; };
		95A0CF982179D4F700ABC76E /* UIColor.swift in Sources */ = {isa = PBXBuildFile; fileRef = 95A0CF972179D4F700ABC76E /* UIColor.swift */; };
/* End PBXBuildFile section */

/* Begin PBXContainerItemProxy section */
		95A0CF802178F70500ABC76E /* PBXContainerItemProxy */ = {
			isa = PBXContainerItemProxy;
			containerPortal = 95A0CF632178F70200ABC76E /* Project object */;
			proxyType = 1;
			remoteGlobalIDString = 95A0CF6A2178F70200ABC76E;
			remoteInfo = Tweeter;
		};
/* End PBXContainerItemProxy section */

/* Begin PBXFileReference section */
		952C49D72179DC9400DA9951 /* Splitter.swift */ = {isa = PBXFileReference; lastKnownFileType = sourcecode.swift; path = Splitter.swift; sourceTree = "<group>"; };
		952C49DA2179E10300DA9951 /* ChatMessage.swift */ = {isa = PBXFileReference; lastKnownFileType = sourcecode.swift; path = ChatMessage.swift; sourceTree = "<group>"; };
		952C49DD2179E37C00DA9951 /* ChatMessageCell.swift */ = {isa = PBXFileReference; lastKnownFileType = sourcecode.swift; path = ChatMessageCell.swift; sourceTree = "<group>"; };
		952C49DF217A359700DA9951 /* IChatController.swift */ = {isa = PBXFileReference; lastKnownFileType = sourcecode.swift; path = IChatController.swift; sourceTree = "<group>"; };
		952C49E1217A361F00DA9951 /* ChatModule.swift */ = {isa = PBXFileReference; lastKnownFileType = sourcecode.swift; path = ChatModule.swift; sourceTree = "<group>"; };
		952C49E3217A3E0200DA9951 /* UIViewController.swift */ = {isa = PBXFileReference; lastKnownFileType = sourcecode.swift; path = UIViewController.swift; sourceTree = "<group>"; };
		952C49E5217A409100DA9951 /* IChatPresenter.swift */ = {isa = PBXFileReference; lastKnownFileType = sourcecode.swift; path = IChatPresenter.swift; sourceTree = "<group>"; };
		952C49E7217A582700DA9951 /* NSObject.swift */ = {isa = PBXFileReference; lastKnownFileType = sourcecode.swift; path = NSObject.swift; sourceTree = "<group>"; };
		95A0CF6B2178F70200ABC76E /* Tweeter.app */ = {isa = PBXFileReference; explicitFileType = wrapper.application; includeInIndex = 0; path = Tweeter.app; sourceTree = BUILT_PRODUCTS_DIR; };
		95A0CF6E2178F70200ABC76E /* TweeterApp.swift */ = {isa = PBXFileReference; lastKnownFileType = sourcecode.swift; path = TweeterApp.swift; sourceTree = "<group>"; };
		95A0CF702178F70200ABC76E /* ChatViewController.swift */ = {isa = PBXFileReference; lastKnownFileType = sourcecode.swift; path = ChatViewController.swift; sourceTree = "<group>"; };
		95A0CF732178F70200ABC76E /* Base */ = {isa = PBXFileReference; lastKnownFileType = file.storyboard; name = Base; path = Base.lproj/Main.storyboard; sourceTree = "<group>"; };
		95A0CF752178F70500ABC76E /* Assets.xcassets */ = {isa = PBXFileReference; lastKnownFileType = folder.assetcatalog; path = Assets.xcassets; sourceTree = "<group>"; };
		95A0CF782178F70500ABC76E /* Base */ = {isa = PBXFileReference; lastKnownFileType = file.storyboard; name = Base; path = Base.lproj/LaunchScreen.storyboard; sourceTree = "<group>"; };
		95A0CF7A2178F70500ABC76E /* Info.plist */ = {isa = PBXFileReference; lastKnownFileType = text.plist.xml; path = Info.plist; sourceTree = "<group>"; };
		95A0CF7F2178F70500ABC76E /* TweeterTests.xctest */ = {isa = PBXFileReference; explicitFileType = wrapper.cfbundle; includeInIndex = 0; path = TweeterTests.xctest; sourceTree = BUILT_PRODUCTS_DIR; };
		95A0CF832178F70500ABC76E /* TweeterTests.swift */ = {isa = PBXFileReference; lastKnownFileType = sourcecode.swift; path = TweeterTests.swift; sourceTree = "<group>"; };
		95A0CF852178F70500ABC76E /* Info.plist */ = {isa = PBXFileReference; lastKnownFileType = text.plist.xml; path = Info.plist; sourceTree = "<group>"; };
		95A0CF942179BEB800ABC76E /* ChatPresenter.swift */ = {isa = PBXFileReference; lastKnownFileType = sourcecode.swift; path = ChatPresenter.swift; sourceTree = "<group>"; };
		95A0CF972179D4F700ABC76E /* UIColor.swift */ = {isa = PBXFileReference; lastKnownFileType = sourcecode.swift; path = UIColor.swift; sourceTree = "<group>"; };
/* End PBXFileReference section */

/* Begin PBXFrameworksBuildPhase section */
		95A0CF682178F70200ABC76E /* Frameworks */ = {
			isa = PBXFrameworksBuildPhase;
			buildActionMask = 2147483647;
			files = (
			);
			runOnlyForDeploymentPostprocessing = 0;
		};
		95A0CF7C2178F70500ABC76E /* Frameworks */ = {
			isa = PBXFrameworksBuildPhase;
			buildActionMask = 2147483647;
			files = (
			);
			runOnlyForDeploymentPostprocessing = 0;
		};
/* End PBXFrameworksBuildPhase section */

/* Begin PBXGroup section */
		952C49D62179DC5E00DA9951 /* Splitter */ = {
			isa = PBXGroup;
			children = (
				952C49D72179DC9400DA9951 /* Splitter.swift */,
			);
			path = Splitter;
			sourceTree = "<group>";
		};
		952C49D92179E0E800DA9951 /* Model */ = {
			isa = PBXGroup;
			children = (
				952C49DA2179E10300DA9951 /* ChatMessage.swift */,
			);
			path = Model;
			sourceTree = "<group>";
		};
		952C49DC2179E36300DA9951 /* Cell */ = {
			isa = PBXGroup;
			children = (
				952C49DD2179E37C00DA9951 /* ChatMessageCell.swift */,
			);
			path = Cell;
			sourceTree = "<group>";
		};
		95A0CF622178F70200ABC76E = {
			isa = PBXGroup;
			children = (
				95A0CF6D2178F70200ABC76E /* Tweeter */,
				95A0CF822178F70500ABC76E /* TweeterTests */,
				95A0CF6C2178F70200ABC76E /* Products */,
			);
			sourceTree = "<group>";
			wrapsLines = 0;
		};
		95A0CF6C2178F70200ABC76E /* Products */ = {
			isa = PBXGroup;
			children = (
				95A0CF6B2178F70200ABC76E /* Tweeter.app */,
				95A0CF7F2178F70500ABC76E /* TweeterTests.xctest */,
			);
			name = Products;
			sourceTree = "<group>";
		};
		95A0CF6D2178F70200ABC76E /* Tweeter */ = {
			isa = PBXGroup;
			children = (
				95A0CF6E2178F70200ABC76E /* TweeterApp.swift */,
				95A0CF902178F75E00ABC76E /* Modules */,
				95A0CF8F2178F72800ABC76E /* Resources */,
				95A0CF962179D4E700ABC76E /* Extensions */,
				95A0CF8E2178F71C00ABC76E /* SupportFiles */,
			);
			path = Tweeter;
			sourceTree = "<group>";
		};
		95A0CF822178F70500ABC76E /* TweeterTests */ = {
			isa = PBXGroup;
			children = (
				95A0CF832178F70500ABC76E /* TweeterTests.swift */,
				95A0CF852178F70500ABC76E /* Info.plist */,
			);
			path = TweeterTests;
			sourceTree = "<group>";
		};
		95A0CF8E2178F71C00ABC76E /* SupportFiles */ = {
			isa = PBXGroup;
			children = (
				95A0CF772178F70500ABC76E /* LaunchScreen.storyboard */,
				95A0CF7A2178F70500ABC76E /* Info.plist */,
			);
			path = SupportFiles;
			sourceTree = "<group>";
		};
		95A0CF8F2178F72800ABC76E /* Resources */ = {
			isa = PBXGroup;
			children = (
				95A0CF752178F70500ABC76E /* Assets.xcassets */,
			);
			path = Resources;
			sourceTree = "<group>";
		};
		95A0CF902178F75E00ABC76E /* Modules */ = {
			isa = PBXGroup;
			children = (
				95A0CF722178F70200ABC76E /* Main.storyboard */,
				95A0CF912179BE8000ABC76E /* Chat */,
			);
			path = Modules;
			sourceTree = "<group>";
		};
		95A0CF912179BE8000ABC76E /* Chat */ = {
			isa = PBXGroup;
			children = (
				952C49D92179E0E800DA9951 /* Model */,
				95A0CF932179BE9C00ABC76E /* Presenter */,
				95A0CF922179BE8A00ABC76E /* View */,
				952C49E1217A361F00DA9951 /* ChatModule.swift */,
			);
			path = Chat;
			sourceTree = "<group>";
		};
		95A0CF922179BE8A00ABC76E /* View */ = {
			isa = PBXGroup;
			children = (
				952C49DC2179E36300DA9951 /* Cell */,
				952C49DF217A359700DA9951 /* IChatController.swift */,
				95A0CF702178F70200ABC76E /* ChatViewController.swift */,
			);
			path = View;
			sourceTree = "<group>";
		};
		95A0CF932179BE9C00ABC76E /* Presenter */ = {
			isa = PBXGroup;
			children = (
				952C49D62179DC5E00DA9951 /* Splitter */,
				952C49E5217A409100DA9951 /* IChatPresenter.swift */,
				95A0CF942179BEB800ABC76E /* ChatPresenter.swift */,
			);
			path = Presenter;
			sourceTree = "<group>";
		};
		95A0CF962179D4E700ABC76E /* Extensions */ = {
			isa = PBXGroup;
			children = (
				952C49E7217A582700DA9951 /* NSObject.swift */,
				95A0CF972179D4F700ABC76E /* UIColor.swift */,
				952C49E3217A3E0200DA9951 /* UIViewController.swift */,
			);
			path = Extensions;
			sourceTree = "<group>";
		};
/* End PBXGroup section */

/* Begin PBXNativeTarget section */
		95A0CF6A2178F70200ABC76E /* Tweeter */ = {
			isa = PBXNativeTarget;
			buildConfigurationList = 95A0CF882178F70500ABC76E /* Build configuration list for PBXNativeTarget "Tweeter" */;
			buildPhases = (
				95A0CF672178F70200ABC76E /* Sources */,
				95A0CF682178F70200ABC76E /* Frameworks */,
				95A0CF692178F70200ABC76E /* Resources */,
			);
			buildRules = (
			);
			dependencies = (
			);
			name = Tweeter;
			productName = Tweeter;
			productReference = 95A0CF6B2178F70200ABC76E /* Tweeter.app */;
			productType = "com.apple.product-type.application";
		};
		95A0CF7E2178F70500ABC76E /* TweeterTests */ = {
			isa = PBXNativeTarget;
			buildConfigurationList = 95A0CF8B2178F70500ABC76E /* Build configuration list for PBXNativeTarget "TweeterTests" */;
			buildPhases = (
				95A0CF7B2178F70500ABC76E /* Sources */,
				95A0CF7C2178F70500ABC76E /* Frameworks */,
				95A0CF7D2178F70500ABC76E /* Resources */,
			);
			buildRules = (
			);
			dependencies = (
				95A0CF812178F70500ABC76E /* PBXTargetDependency */,
			);
			name = TweeterTests;
			productName = TweeterTests;
			productReference = 95A0CF7F2178F70500ABC76E /* TweeterTests.xctest */;
			productType = "com.apple.product-type.bundle.unit-test";
		};
/* End PBXNativeTarget section */

/* Begin PBXProject section */
		95A0CF632178F70200ABC76E /* Project object */ = {
			isa = PBXProject;
			attributes = {
				LastSwiftUpdateCheck = 1000;
				LastUpgradeCheck = 1000;
				ORGANIZATIONNAME = kthangtd;
				TargetAttributes = {
					95A0CF6A2178F70200ABC76E = {
						CreatedOnToolsVersion = 10.0;
					};
					95A0CF7E2178F70500ABC76E = {
						CreatedOnToolsVersion = 10.0;
						TestTargetID = 95A0CF6A2178F70200ABC76E;
					};
				};
			};
			buildConfigurationList = 95A0CF662178F70200ABC76E /* Build configuration list for PBXProject "Tweeter" */;
			compatibilityVersion = "Xcode 9.3";
			developmentRegion = en;
			hasScannedForEncodings = 0;
			knownRegions = (
				en,
				Base,
			);
			mainGroup = 95A0CF622178F70200ABC76E;
			productRefGroup = 95A0CF6C2178F70200ABC76E /* Products */;
			projectDirPath = "";
			projectRoot = "";
			targets = (
				95A0CF6A2178F70200ABC76E /* Tweeter */,
				95A0CF7E2178F70500ABC76E /* TweeterTests */,
			);
		};
/* End PBXProject section */

/* Begin PBXResourcesBuildPhase section */
		95A0CF692178F70200ABC76E /* Resources */ = {
			isa = PBXResourcesBuildPhase;
			buildActionMask = 2147483647;
			files = (
				95A0CF792178F70500ABC76E /* LaunchScreen.storyboard in Resources */,
				95A0CF762178F70500ABC76E /* Assets.xcassets in Resources */,
				95A0CF742178F70200ABC76E /* Main.storyboard in Resources */,
			);
			runOnlyForDeploymentPostprocessing = 0;
		};
		95A0CF7D2178F70500ABC76E /* Resources */ = {
			isa = PBXResourcesBuildPhase;
			buildActionMask = 2147483647;
			files = (
			);
			runOnlyForDeploymentPostprocessing = 0;
		};
/* End PBXResourcesBuildPhase section */

/* Begin PBXSourcesBuildPhase section */
		95A0CF672178F70200ABC76E /* Sources */ = {
			isa = PBXSourcesBuildPhase;
			buildActionMask = 2147483647;
			files = (
				95A0CF952179BEB800ABC76E /* ChatPresenter.swift in Sources */,
				95A0CF982179D4F700ABC76E /* UIColor.swift in Sources */,
				95A0CF712178F70200ABC76E /* ChatViewController.swift in Sources */,
				952C49DB2179E10300DA9951 /* ChatMessage.swift in Sources */,
				952C49E6217A409100DA9951 /* IChatPresenter.swift in Sources */,
				952C49E4217A3E0200DA9951 /* UIViewController.swift in Sources */,
				952C49E0217A359700DA9951 /* IChatController.swift in Sources */,
				95A0CF6F2178F70200ABC76E /* TweeterApp.swift in Sources */,
				952C49DE2179E37C00DA9951 /* ChatMessageCell.swift in Sources */,
				952C49E8217A582700DA9951 /* NSObject.swift in Sources */,
				952C49D82179DC9400DA9951 /* Splitter.swift in Sources */,
				952C49E2217A361F00DA9951 /* ChatModule.swift in Sources */,
			);
			runOnlyForDeploymentPostprocessing = 0;
		};
		95A0CF7B2178F70500ABC76E /* Sources */ = {
			isa = PBXSourcesBuildPhase;
			buildActionMask = 2147483647;
			files = (
				95A0CF842178F70500ABC76E /* TweeterTests.swift in Sources */,
			);
			runOnlyForDeploymentPostprocessing = 0;
		};
/* End PBXSourcesBuildPhase section */

/* Begin PBXTargetDependency section */
		95A0CF812178F70500ABC76E /* PBXTargetDependency */ = {
			isa = PBXTargetDependency;
			target = 95A0CF6A2178F70200ABC76E /* Tweeter */;
			targetProxy = 95A0CF802178F70500ABC76E /* PBXContainerItemProxy */;
		};
/* End PBXTargetDependency section */

/* Begin PBXVariantGroup section */
		95A0CF722178F70200ABC76E /* Main.storyboard */ = {
			isa = PBXVariantGroup;
			children = (
				95A0CF732178F70200ABC76E /* Base */,
			);
			name = Main.storyboard;
			sourceTree = "<group>";
		};
		95A0CF772178F70500ABC76E /* LaunchScreen.storyboard */ = {
			isa = PBXVariantGroup;
			children = (
				95A0CF782178F70500ABC76E /* Base */,
			);
			name = LaunchScreen.storyboard;
			sourceTree = "<group>";
		};
/* End PBXVariantGroup section */

/* Begin XCBuildConfiguration section */
		95A0CF862178F70500ABC76E /* Debug */ = {
			isa = XCBuildConfiguration;
			buildSettings = {
				ALWAYS_SEARCH_USER_PATHS = NO;
				CLANG_ANALYZER_NONNULL = YES;
				CLANG_ANALYZER_NUMBER_OBJECT_CONVERSION = YES_AGGRESSIVE;
				CLANG_CXX_LANGUAGE_STANDARD = "gnu++14";
				CLANG_CXX_LIBRARY = "libc++";
				CLANG_ENABLE_MODULES = YES;
				CLANG_ENABLE_OBJC_ARC = YES;
				CLANG_ENABLE_OBJC_WEAK = YES;
				CLANG_WARN_BLOCK_CAPTURE_AUTORELEASING = YES;
				CLANG_WARN_BOOL_CONVERSION = YES;
				CLANG_WARN_COMMA = YES;
				CLANG_WARN_CONSTANT_CONVERSION = YES;
				CLANG_WARN_DEPRECATED_OBJC_IMPLEMENTATIONS = YES;
				CLANG_WARN_DIRECT_OBJC_ISA_USAGE = YES_ERROR;
				CLANG_WARN_DOCUMENTATION_COMMENTS = YES;
				CLANG_WARN_EMPTY_BODY = YES;
				CLANG_WARN_ENUM_CONVERSION = YES;
				CLANG_WARN_INFINITE_RECURSION = YES;
				CLANG_WARN_INT_CONVERSION = YES;
				CLANG_WARN_NON_LITERAL_NULL_CONVERSION = YES;
				CLANG_WARN_OBJC_IMPLICIT_RETAIN_SELF = YES;
				CLANG_WARN_OBJC_LITERAL_CONVERSION = YES;
				CLANG_WARN_OBJC_ROOT_CLASS = YES_ERROR;
				CLANG_WARN_RANGE_LOOP_ANALYSIS = YES;
				CLANG_WARN_STRICT_PROTOTYPES = YES;
				CLANG_WARN_SUSPICIOUS_MOVE = YES;
				CLANG_WARN_UNGUARDED_AVAILABILITY = YES_AGGRESSIVE;
				CLANG_WARN_UNREACHABLE_CODE = YES;
				CLANG_WARN__DUPLICATE_METHOD_MATCH = YES;
				CODE_SIGN_IDENTITY = "iPhone Developer";
				COPY_PHASE_STRIP = NO;
				DEBUG_INFORMATION_FORMAT = dwarf;
				ENABLE_STRICT_OBJC_MSGSEND = YES;
				ENABLE_TESTABILITY = YES;
				GCC_C_LANGUAGE_STANDARD = gnu11;
				GCC_DYNAMIC_NO_PIC = NO;
				GCC_NO_COMMON_BLOCKS = YES;
				GCC_OPTIMIZATION_LEVEL = 0;
				GCC_PREPROCESSOR_DEFINITIONS = (
					"DEBUG=1",
					"$(inherited)",
				);
				GCC_WARN_64_TO_32_BIT_CONVERSION = YES;
				GCC_WARN_ABOUT_RETURN_TYPE = YES_ERROR;
				GCC_WARN_UNDECLARED_SELECTOR = YES;
				GCC_WARN_UNINITIALIZED_AUTOS = YES_AGGRESSIVE;
				GCC_WARN_UNUSED_FUNCTION = YES;
				GCC_WARN_UNUSED_VARIABLE = YES;
				IPHONEOS_DEPLOYMENT_TARGET = 12.0;
				MTL_ENABLE_DEBUG_INFO = INCLUDE_SOURCE;
				MTL_FAST_MATH = YES;
				ONLY_ACTIVE_ARCH = YES;
				SDKROOT = iphoneos;
				SWIFT_ACTIVE_COMPILATION_CONDITIONS = DEBUG;
				SWIFT_OPTIMIZATION_LEVEL = "-Onone";
			};
			name = Debug;
		};
		95A0CF872178F70500ABC76E /* Release */ = {
			isa = XCBuildConfiguration;
			buildSettings = {
				ALWAYS_SEARCH_USER_PATHS = NO;
				CLANG_ANALYZER_NONNULL = YES;
				CLANG_ANALYZER_NUMBER_OBJECT_CONVERSION = YES_AGGRESSIVE;
				CLANG_CXX_LANGUAGE_STANDARD = "gnu++14";
				CLANG_CXX_LIBRARY = "libc++";
				CLANG_ENABLE_MODULES = YES;
				CLANG_ENABLE_OBJC_ARC = YES;
				CLANG_ENABLE_OBJC_WEAK = YES;
				CLANG_WARN_BLOCK_CAPTURE_AUTORELEASING = YES;
				CLANG_WARN_BOOL_CONVERSION = YES;
				CLANG_WARN_COMMA = YES;
				CLANG_WARN_CONSTANT_CONVERSION = YES;
				CLANG_WARN_DEPRECATED_OBJC_IMPLEMENTATIONS = YES;
				CLANG_WARN_DIRECT_OBJC_ISA_USAGE = YES_ERROR;
				CLANG_WARN_DOCUMENTATION_COMMENTS = YES;
				CLANG_WARN_EMPTY_BODY = YES;
				CLANG_WARN_ENUM_CONVERSION = YES;
				CLANG_WARN_INFINITE_RECURSION = YES;
				CLANG_WARN_INT_CONVERSION = YES;
				CLANG_WARN_NON_LITERAL_NULL_CONVERSION = YES;
				CLANG_WARN_OBJC_IMPLICIT_RETAIN_SELF = YES;
				CLANG_WARN_OBJC_LITERAL_CONVERSION = YES;
				CLANG_WARN_OBJC_ROOT_CLASS = YES_ERROR;
				CLANG_WARN_RANGE_LOOP_ANALYSIS = YES;
				CLANG_WARN_STRICT_PROTOTYPES = YES;
				CLANG_WARN_SUSPICIOUS_MOVE = YES;
				CLANG_WARN_UNGUARDED_AVAILABILITY = YES_AGGRESSIVE;
				CLANG_WARN_UNREACHABLE_CODE = YES;
				CLANG_WARN__DUPLICATE_METHOD_MATCH = YES;
				CODE_SIGN_IDENTITY = "iPhone Developer";
				COPY_PHASE_STRIP = NO;
				DEBUG_INFORMATION_FORMAT = "dwarf-with-dsym";
				ENABLE_NS_ASSERTIONS = NO;
				ENABLE_STRICT_OBJC_MSGSEND = YES;
				GCC_C_LANGUAGE_STANDARD = gnu11;
				GCC_NO_COMMON_BLOCKS = YES;
				GCC_WARN_64_TO_32_BIT_CONVERSION = YES;
				GCC_WARN_ABOUT_RETURN_TYPE = YES_ERROR;
				GCC_WARN_UNDECLARED_SELECTOR = YES;
				GCC_WARN_UNINITIALIZED_AUTOS = YES_AGGRESSIVE;
				GCC_WARN_UNUSED_FUNCTION = YES;
				GCC_WARN_UNUSED_VARIABLE = YES;
				IPHONEOS_DEPLOYMENT_TARGET = 12.0;
				MTL_ENABLE_DEBUG_INFO = NO;
				MTL_FAST_MATH = YES;
				SDKROOT = iphoneos;
				SWIFT_COMPILATION_MODE = wholemodule;
				SWIFT_OPTIMIZATION_LEVEL = "-O";
				VALIDATE_PRODUCT = YES;
			};
			name = Release;
		};
		95A0CF892178F70500ABC76E /* Debug */ = {
			isa = XCBuildConfiguration;
			buildSettings = {
				ASSETCATALOG_COMPILER_APPICON_NAME = AppIcon;
				CODE_SIGN_STYLE = Automatic;
				DEVELOPMENT_TEAM = 3ZY4GCMVNJ;
				INFOPLIST_FILE = Tweeter/SupportFiles/Info.plist;
				IPHONEOS_DEPLOYMENT_TARGET = 8.0;
				LD_RUNPATH_SEARCH_PATHS = (
					"$(inherited)",
					"@executable_path/Frameworks",
				);
				PRODUCT_BUNDLE_IDENTIFIER = kr.co.lecle.ios.Tweeter;
				PRODUCT_NAME = "$(TARGET_NAME)";
				SWIFT_VERSION = 4.2;
				TARGETED_DEVICE_FAMILY = "1,2";
			};
			name = Debug;
		};
		95A0CF8A2178F70500ABC76E /* Release */ = {
			isa = XCBuildConfiguration;
			buildSettings = {
				ASSETCATALOG_COMPILER_APPICON_NAME = AppIcon;
				CODE_SIGN_STYLE = Automatic;
				DEVELOPMENT_TEAM = 3ZY4GCMVNJ;
				INFOPLIST_FILE = Tweeter/SupportFiles/Info.plist;
				IPHONEOS_DEPLOYMENT_TARGET = 8.0;
				LD_RUNPATH_SEARCH_PATHS = (
					"$(inherited)",
					"@executable_path/Frameworks",
				);
				PRODUCT_BUNDLE_IDENTIFIER = kr.co.lecle.ios.Tweeter;
				PRODUCT_NAME = "$(TARGET_NAME)";
				SWIFT_VERSION = 4.2;
				TARGETED_DEVICE_FAMILY = "1,2";
			};
			name = Release;
		};
		95A0CF8C2178F70500ABC76E /* Debug */ = {
			isa = XCBuildConfiguration;
			buildSettings = {
				ALWAYS_EMBED_SWIFT_STANDARD_LIBRARIES = YES;
				BUNDLE_LOADER = "$(TEST_HOST)";
				CODE_SIGN_STYLE = Automatic;
				DEVELOPMENT_TEAM = 3ZY4GCMVNJ;
				INFOPLIST_FILE = TweeterTests/Info.plist;
				LD_RUNPATH_SEARCH_PATHS = (
					"$(inherited)",
					"@executable_path/Frameworks",
					"@loader_path/Frameworks",
				);
				PRODUCT_BUNDLE_IDENTIFIER = kr.co.lecle.ios.TweeterTests;
				PRODUCT_NAME = "$(TARGET_NAME)";
				SWIFT_VERSION = 4.2;
				TARGETED_DEVICE_FAMILY = "1,2";
				TEST_HOST = "$(BUILT_PRODUCTS_DIR)/Tweeter.app/Tweeter";
			};
			name = Debug;
		};
		95A0CF8D2178F70500ABC76E /* Release */ = {
			isa = XCBuildConfiguration;
			buildSettings = {
				ALWAYS_EMBED_SWIFT_STANDARD_LIBRARIES = YES;
				BUNDLE_LOADER = "$(TEST_HOST)";
				CODE_SIGN_STYLE = Automatic;
				DEVELOPMENT_TEAM = 3ZY4GCMVNJ;
				INFOPLIST_FILE = TweeterTests/Info.plist;
				LD_RUNPATH_SEARCH_PATHS = (
					"$(inherited)",
					"@executable_path/Frameworks",
					"@loader_path/Frameworks",
				);
				PRODUCT_BUNDLE_IDENTIFIER = kr.co.lecle.ios.TweeterTests;
				PRODUCT_NAME = "$(TARGET_NAME)";
				SWIFT_VERSION = 4.2;
				TARGETED_DEVICE_FAMILY = "1,2";
				TEST_HOST = "$(BUILT_PRODUCTS_DIR)/Tweeter.app/Tweeter";
			};
			name = Release;
		};
/* End XCBuildConfiguration section */

/* Begin XCConfigurationList section */
		95A0CF662178F70200ABC76E /* Build configuration list for PBXProject "Tweeter" */ = {
			isa = XCConfigurationList;
			buildConfigurations = (
				95A0CF862178F70500ABC76E /* Debug */,
				95A0CF872178F70500ABC76E /* Release */,
			);
			defaultConfigurationIsVisible = 0;
			defaultConfigurationName = Release;
		};
		95A0CF882178F70500ABC76E /* Build configuration list for PBXNativeTarget "Tweeter" */ = {
			isa = XCConfigurationList;
			buildConfigurations = (
				95A0CF892178F70500ABC76E /* Debug */,
				95A0CF8A2178F70500ABC76E /* Release */,
			);
			defaultConfigurationIsVisible = 0;
			defaultConfigurationName = Release;
		};
		95A0CF8B2178F70500ABC76E /* Build configuration list for PBXNativeTarget "TweeterTests" */ = {
			isa = XCConfigurationList;
			buildConfigurations = (
				95A0CF8C2178F70500ABC76E /* Debug */,
				95A0CF8D2178F70500ABC76E /* Release */,
			);
			defaultConfigurationIsVisible = 0;
			defaultConfigurationName = Release;
		};
/* End XCConfigurationList section */
	};
	rootObject = 95A0CF632178F70200ABC76E /* Project object */;
}
